
Microsoft Visual Studio Solution File, Format Version 12.00
# Visual Studio Version 17
VisualStudioVersion = 17.4.33213.308
MinimumVisualStudioVersion = 10.0.40219.1
Project("{FAE04EC0-301F-11D3-BF4B-00C04F79EFBC}") = "FeatureApp.WebAPI", "FeatureApp.WebAPI\FeatureApp.WebAPI.csproj", "{39A00EC5-6794-48E3-9430-569C3AA60DA3}"
EndProject
Project("{2150E333-8FDC-42A3-9474-1A3956D46DE8}") = "DAL", "DAL", "{6F107D99-97D1-4290-8F87-5B0D22964359}"
EndProject
Project("{2150E333-8FDC-42A3-9474-1A3956D46DE8}") = "BAL", "BAL", "{14A7FE60-2534-4091-B3A6-0F70095DDE50}"
EndProject
Global
	GlobalSection(SolutionConfigurationPlatforms) = preSolution
		Debug|Any CPU = Debug|Any CPU
		Release|Any CPU = Release|Any CPU
	EndGlobalSection
	GlobalSection(ProjectConfigurationPlatforms) = postSolution
		{39A00EC5-6794-48E3-9430-569C3AA60DA3}.Debug|Any CPU.ActiveCfg = Debug|Any CPU
		{39A00EC5-6794-48E3-9430-569C3AA60DA3}.Debug|Any CPU.Build.0 = Debug|Any CPU
		{39A00EC5-6794-48E3-9430-569C3AA60DA3}.Release|Any CPU.ActiveCfg = Release|Any CPU
		{39A00EC5-6794-48E3-9430-569C3AA60DA3}.Release|Any CPU.Build.0 = Release|Any CPU
	EndGlobalSection
	GlobalSection(SolutionProperties) = preSolution
		HideSolutionNode = FALSE
	EndGlobalSection
	GlobalSection(ExtensibilityGlobals) = postSolution
		SolutionGuid = {22E312B4-F720-466C-BD3D-F0190DEEF577}
	EndGlobalSection
EndGlobal
