
Microsoft Visual Studio Solution File, Format Version 12.00
# Visual Studio Version 17
VisualStudioVersion = 17.4.33213.308
MinimumVisualStudioVersion = 10.0.40219.1
Project("{FAE04EC0-301F-11D3-BF4B-00C04F79EFBC}") = "FeatureApp.WebAPI", "FeatureApp.WebAPI\FeatureApp.WebAPI.csproj", "{39A00EC5-6794-48E3-9430-569C3AA60DA3}"
EndProject
Project("{2150E333-8FDC-42A3-9474-1A3956D46DE8}") = "DAL", "DAL", "{6F107D99-97D1-4290-8F87-5B0D22964359}"
EndProject
Project("{2150E333-8FDC-42A3-9474-1A3956D46DE8}") = "BAL", "BAL", "{14A7FE60-2534-4091-B3A6-0F70095DDE50}"
EndProject
Project("{FAE04EC0-301F-11D3-BF4B-00C04F79EFBC}") = "Entities", "FeatureApp.Entities\Entities.csproj", "{E350AFD5-4240-41D3-BF09-8788F85328BC}"
EndProject
Project("{FAE04EC0-301F-11D3-BF4B-00C04F79EFBC}") = "Database", "Database\Database.csproj", "{8AB152A2-F0F9-48F4-99A9-63E1B8953C1F}"
EndProject
Project("{FAE04EC0-301F-11D3-BF4B-00C04F79EFBC}") = "Repository", "Repository\Repository.csproj", "{6E16A2D3-810C-49C8-8ADD-328750D404B1}"
EndProject
Project("{FAE04EC0-301F-11D3-BF4B-00C04F79EFBC}") = "DTOs", "DTOs\DTOs.csproj", "{2FA655FF-E6F7-458A-8B83-0C806BD31DDB}"
EndProject
Project("{FAE04EC0-301F-11D3-BF4B-00C04F79EFBC}") = "Services", "Services\Services.csproj", "{68EB151A-EC58-4D62-A473-081859940D60}"
EndProject
Project("{2150E333-8FDC-42A3-9474-1A3956D46DE8}") = "Shared", "Shared", "{0AF3019D-6CF3-4585-819E-1A7115D2BFA2}"
EndProject
Project("{FAE04EC0-301F-11D3-BF4B-00C04F79EFBC}") = "Config", "Config\Config.csproj", "{BBC0D71A-1CA7-4428-A920-529B085C32B9}"
EndProject
Project("{2150E333-8FDC-42A3-9474-1A3956D46DE8}") = "TDD", "TDD", "{CBB576C5-44A5-488A-8C6F-1C5A4651B8C8}"
EndProject
Project("{FAE04EC0-301F-11D3-BF4B-00C04F79EFBC}") = "MSTests", "MSTests\MSTests.csproj", "{DBF9C19B-60BB-488C-B154-7EAFCEFEC4C2}"
EndProject
Project("{FAE04EC0-301F-11D3-BF4B-00C04F79EFBC}") = "NUnitTests", "NUnitTests\NUnitTests.csproj", "{E85BCF39-4F52-4687-8898-DFF6B0E4825C}"
EndProject
Project("{FAE04EC0-301F-11D3-BF4B-00C04F79EFBC}") = "xUnitTests", "xUnitTests\xUnitTests.csproj", "{11DD96E1-E0B6-47F3-B841-3E543476BDFD}"
EndProject
Global
	GlobalSection(SolutionConfigurationPlatforms) = preSolution
		Debug|Any CPU = Debug|Any CPU
		Release|Any CPU = Release|Any CPU
	EndGlobalSection
	GlobalSection(ProjectConfigurationPlatforms) = postSolution
		{39A00EC5-6794-48E3-9430-569C3AA60DA3}.Debug|Any CPU.ActiveCfg = Debug|Any CPU
		{39A00EC5-6794-48E3-9430-569C3AA60DA3}.Debug|Any CPU.Build.0 = Debug|Any CPU
		{39A00EC5-6794-48E3-9430-569C3AA60DA3}.Release|Any CPU.ActiveCfg = Release|Any CPU
		{39A00EC5-6794-48E3-9430-569C3AA60DA3}.Release|Any CPU.Build.0 = Release|Any CPU
		{E350AFD5-4240-41D3-BF09-8788F85328BC}.Debug|Any CPU.ActiveCfg = Debug|Any CPU
		{E350AFD5-4240-41D3-BF09-8788F85328BC}.Debug|Any CPU.Build.0 = Debug|Any CPU
		{E350AFD5-4240-41D3-BF09-8788F85328BC}.Release|Any CPU.ActiveCfg = Release|Any CPU
		{E350AFD5-4240-41D3-BF09-8788F85328BC}.Release|Any CPU.Build.0 = Release|Any CPU
		{8AB152A2-F0F9-48F4-99A9-63E1B8953C1F}.Debug|Any CPU.ActiveCfg = Debug|Any CPU
		{8AB152A2-F0F9-48F4-99A9-63E1B8953C1F}.Debug|Any CPU.Build.0 = Debug|Any CPU
		{8AB152A2-F0F9-48F4-99A9-63E1B8953C1F}.Release|Any CPU.ActiveCfg = Release|Any CPU
		{8AB152A2-F0F9-48F4-99A9-63E1B8953C1F}.Release|Any CPU.Build.0 = Release|Any CPU
		{6E16A2D3-810C-49C8-8ADD-328750D404B1}.Debug|Any CPU.ActiveCfg = Debug|Any CPU
		{6E16A2D3-810C-49C8-8ADD-328750D404B1}.Debug|Any CPU.Build.0 = Debug|Any CPU
		{6E16A2D3-810C-49C8-8ADD-328750D404B1}.Release|Any CPU.ActiveCfg = Release|Any CPU
		{6E16A2D3-810C-49C8-8ADD-328750D404B1}.Release|Any CPU.Build.0 = Release|Any CPU
		{2FA655FF-E6F7-458A-8B83-0C806BD31DDB}.Debug|Any CPU.ActiveCfg = Debug|Any CPU
		{2FA655FF-E6F7-458A-8B83-0C806BD31DDB}.Debug|Any CPU.Build.0 = Debug|Any CPU
		{2FA655FF-E6F7-458A-8B83-0C806BD31DDB}.Release|Any CPU.ActiveCfg = Release|Any CPU
		{2FA655FF-E6F7-458A-8B83-0C806BD31DDB}.Release|Any CPU.Build.0 = Release|Any CPU
		{68EB151A-EC58-4D62-A473-081859940D60}.Debug|Any CPU.ActiveCfg = Debug|Any CPU
		{68EB151A-EC58-4D62-A473-081859940D60}.Debug|Any CPU.Build.0 = Debug|Any CPU
		{68EB151A-EC58-4D62-A473-081859940D60}.Release|Any CPU.ActiveCfg = Release|Any CPU
		{68EB151A-EC58-4D62-A473-081859940D60}.Release|Any CPU.Build.0 = Release|Any CPU
		{BBC0D71A-1CA7-4428-A920-529B085C32B9}.Debug|Any CPU.ActiveCfg = Debug|Any CPU
		{BBC0D71A-1CA7-4428-A920-529B085C32B9}.Debug|Any CPU.Build.0 = Debug|Any CPU
		{BBC0D71A-1CA7-4428-A920-529B085C32B9}.Release|Any CPU.ActiveCfg = Release|Any CPU
		{BBC0D71A-1CA7-4428-A920-529B085C32B9}.Release|Any CPU.Build.0 = Release|Any CPU
		{DBF9C19B-60BB-488C-B154-7EAFCEFEC4C2}.Debug|Any CPU.ActiveCfg = Debug|Any CPU
		{DBF9C19B-60BB-488C-B154-7EAFCEFEC4C2}.Debug|Any CPU.Build.0 = Debug|Any CPU
		{DBF9C19B-60BB-488C-B154-7EAFCEFEC4C2}.Release|Any CPU.ActiveCfg = Release|Any CPU
		{DBF9C19B-60BB-488C-B154-7EAFCEFEC4C2}.Release|Any CPU.Build.0 = Release|Any CPU
		{E85BCF39-4F52-4687-8898-DFF6B0E4825C}.Debug|Any CPU.ActiveCfg = Debug|Any CPU
		{E85BCF39-4F52-4687-8898-DFF6B0E4825C}.Debug|Any CPU.Build.0 = Debug|Any CPU
		{E85BCF39-4F52-4687-8898-DFF6B0E4825C}.Release|Any CPU.ActiveCfg = Release|Any CPU
		{E85BCF39-4F52-4687-8898-DFF6B0E4825C}.Release|Any CPU.Build.0 = Release|Any CPU
		{11DD96E1-E0B6-47F3-B841-3E543476BDFD}.Debug|Any CPU.ActiveCfg = Debug|Any CPU
		{11DD96E1-E0B6-47F3-B841-3E543476BDFD}.Debug|Any CPU.Build.0 = Debug|Any CPU
		{11DD96E1-E0B6-47F3-B841-3E543476BDFD}.Release|Any CPU.ActiveCfg = Release|Any CPU
		{11DD96E1-E0B6-47F3-B841-3E543476BDFD}.Release|Any CPU.Build.0 = Release|Any CPU
	EndGlobalSection
	GlobalSection(SolutionProperties) = preSolution
		HideSolutionNode = FALSE
	EndGlobalSection
	GlobalSection(NestedProjects) = preSolution
		{E350AFD5-4240-41D3-BF09-8788F85328BC} = {6F107D99-97D1-4290-8F87-5B0D22964359}
		{8AB152A2-F0F9-48F4-99A9-63E1B8953C1F} = {6F107D99-97D1-4290-8F87-5B0D22964359}
		{6E16A2D3-810C-49C8-8ADD-328750D404B1} = {6F107D99-97D1-4290-8F87-5B0D22964359}
		{2FA655FF-E6F7-458A-8B83-0C806BD31DDB} = {14A7FE60-2534-4091-B3A6-0F70095DDE50}
		{68EB151A-EC58-4D62-A473-081859940D60} = {14A7FE60-2534-4091-B3A6-0F70095DDE50}
		{BBC0D71A-1CA7-4428-A920-529B085C32B9} = {0AF3019D-6CF3-4585-819E-1A7115D2BFA2}
		{DBF9C19B-60BB-488C-B154-7EAFCEFEC4C2} = {CBB576C5-44A5-488A-8C6F-1C5A4651B8C8}
		{E85BCF39-4F52-4687-8898-DFF6B0E4825C} = {CBB576C5-44A5-488A-8C6F-1C5A4651B8C8}
		{11DD96E1-E0B6-47F3-B841-3E543476BDFD} = {CBB576C5-44A5-488A-8C6F-1C5A4651B8C8}
	EndGlobalSection
	GlobalSection(ExtensibilityGlobals) = postSolution
		SolutionGuid = {22E312B4-F720-466C-BD3D-F0190DEEF577}
	EndGlobalSection
EndGlobal
